
Microsoft Visual Studio Solution File, Format Version 12.00
# Visual Studio 14
VisualStudioVersion = 14.0.25420.1
MinimumVisualStudioVersion = 10.0.40219.1
Project("{FAE04EC0-301F-11D3-BF4B-00C04F79EFBC}") = "Entraînement", "Entraînement\Entraînement.csproj", "{1262BD09-58BB-4FB0-A3F0-434A4C9DBF75}"
EndProject
Project("{FAE04EC0-301F-11D3-BF4B-00C04F79EFBC}") = "PGCD", "PGCD\PGCD.csproj", "{7C7EE306-7545-401D-B00C-010EEA52DDB7}"
EndProject
Project("{FAE04EC0-301F-11D3-BF4B-00C04F79EFBC}") = "Nombres_premiers", "Nombres premiers\Nombres_premiers.csproj", "{795B302C-F4AC-423C-ACEC-7C6469110CB4}"
EndProject
Project("{FAE04EC0-301F-11D3-BF4B-00C04F79EFBC}") = "Tri_tableau", "Tri_tableau\Tri_tableau.csproj", "{C806A519-B5F6-4B6F-B4AD-91AB5A96431B}"
EndProject
Project("{FAE04EC0-301F-11D3-BF4B-00C04F79EFBC}") = "Nombres_premiers_correction", "Nombres_premiers_correction\Nombres_premiers_correction.csproj", "{6A7AAD00-B098-487D-B50B-AA9DCCAC5093}"
EndProject
Project("{FAE04EC0-301F-11D3-BF4B-00C04F79EFBC}") = "Tri_tableau_correction", "Tri_tableau_correction\Tri_tableau_correction.csproj", "{9FA2E797-CB5A-43CA-89B2-D94183850E2A}"
EndProject
Project("{FAE04EC0-301F-11D3-BF4B-00C04F79EFBC}") = "Comptage_voyelles_consonnes", "Comptage_voyelles_consonnes\Comptage_voyelles_consonnes.csproj", "{A996867D-E34F-48F1-A992-CEC0E569C8D6}"
EndProject
Project("{FAE04EC0-301F-11D3-BF4B-00C04F79EFBC}") = "Login", "Login\Login.csproj", "{AEB74FC3-1D12-41E3-890B-7446D917F5AE}"
EndProject
Project("{FAE04EC0-301F-11D3-BF4B-00C04F79EFBC}") = "Compte_bancaire", "Compte_bancaire\Compte_bancaire.csproj", "{A0CD3BD7-B622-46EE-A3A6-DD055189C7BC}"
EndProject
Project("{FAE04EC0-301F-11D3-BF4B-00C04F79EFBC}") = "Boîtes", "Boîtes\Boîtes.csproj", "{62C10760-8C3D-4875-A20E-29D26B9777E3}"
EndProject
Project("{FAE04EC0-301F-11D3-BF4B-00C04F79EFBC}") = "POO", "POO\POO.csproj", "{2977BD2E-1C80-4FF8-98B5-E96187BCBFB1}"
EndProject
Project("{FAE04EC0-301F-11D3-BF4B-00C04F79EFBC}") = "BoitesCyril", "BoitesC\BoitesCyril.csproj", "{E4E9B8E0-3CE9-4443-B4F7-BDFAAB4D245F}"
EndProject
Project("{FAE04EC0-301F-11D3-BF4B-00C04F79EFBC}") = "Véhicules", "Véhicules\Véhicules.csproj", "{8BED32F7-D6A5-4401-A9D5-21A4349BE6BC}"
EndProject
Project("{FAE04EC0-301F-11D3-BF4B-00C04F79EFBC}") = "Véhicules_correction", "Véhicules_correction\Véhicules_correction.csproj", "{5A8E64BE-AC4C-4F5F-9E88-0B14AC51AD9D}"
EndProject
Project("{FAE04EC0-301F-11D3-BF4B-00C04F79EFBC}") = "TestsBoites", "TestsBoites\TestsBoites.csproj", "{B59FC396-DE37-4687-8C9B-9005FCB4D45F}"
EndProject
Global
	GlobalSection(SolutionConfigurationPlatforms) = preSolution
		Debug|Any CPU = Debug|Any CPU
		Release|Any CPU = Release|Any CPU
	EndGlobalSection
	GlobalSection(ProjectConfigurationPlatforms) = postSolution
		{1262BD09-58BB-4FB0-A3F0-434A4C9DBF75}.Debug|Any CPU.ActiveCfg = Debug|Any CPU
		{1262BD09-58BB-4FB0-A3F0-434A4C9DBF75}.Debug|Any CPU.Build.0 = Debug|Any CPU
		{1262BD09-58BB-4FB0-A3F0-434A4C9DBF75}.Release|Any CPU.ActiveCfg = Release|Any CPU
		{1262BD09-58BB-4FB0-A3F0-434A4C9DBF75}.Release|Any CPU.Build.0 = Release|Any CPU
		{7C7EE306-7545-401D-B00C-010EEA52DDB7}.Debug|Any CPU.ActiveCfg = Debug|Any CPU
		{7C7EE306-7545-401D-B00C-010EEA52DDB7}.Debug|Any CPU.Build.0 = Debug|Any CPU
		{7C7EE306-7545-401D-B00C-010EEA52DDB7}.Release|Any CPU.ActiveCfg = Release|Any CPU
		{7C7EE306-7545-401D-B00C-010EEA52DDB7}.Release|Any CPU.Build.0 = Release|Any CPU
		{795B302C-F4AC-423C-ACEC-7C6469110CB4}.Debug|Any CPU.ActiveCfg = Debug|Any CPU
		{795B302C-F4AC-423C-ACEC-7C6469110CB4}.Debug|Any CPU.Build.0 = Debug|Any CPU
		{795B302C-F4AC-423C-ACEC-7C6469110CB4}.Release|Any CPU.ActiveCfg = Release|Any CPU
		{795B302C-F4AC-423C-ACEC-7C6469110CB4}.Release|Any CPU.Build.0 = Release|Any CPU
		{C806A519-B5F6-4B6F-B4AD-91AB5A96431B}.Debug|Any CPU.ActiveCfg = Debug|Any CPU
		{C806A519-B5F6-4B6F-B4AD-91AB5A96431B}.Debug|Any CPU.Build.0 = Debug|Any CPU
		{C806A519-B5F6-4B6F-B4AD-91AB5A96431B}.Release|Any CPU.ActiveCfg = Release|Any CPU
		{C806A519-B5F6-4B6F-B4AD-91AB5A96431B}.Release|Any CPU.Build.0 = Release|Any CPU
		{6A7AAD00-B098-487D-B50B-AA9DCCAC5093}.Debug|Any CPU.ActiveCfg = Debug|Any CPU
		{6A7AAD00-B098-487D-B50B-AA9DCCAC5093}.Debug|Any CPU.Build.0 = Debug|Any CPU
		{6A7AAD00-B098-487D-B50B-AA9DCCAC5093}.Release|Any CPU.ActiveCfg = Release|Any CPU
		{6A7AAD00-B098-487D-B50B-AA9DCCAC5093}.Release|Any CPU.Build.0 = Release|Any CPU
		{9FA2E797-CB5A-43CA-89B2-D94183850E2A}.Debug|Any CPU.ActiveCfg = Debug|Any CPU
		{9FA2E797-CB5A-43CA-89B2-D94183850E2A}.Debug|Any CPU.Build.0 = Debug|Any CPU
		{9FA2E797-CB5A-43CA-89B2-D94183850E2A}.Release|Any CPU.ActiveCfg = Release|Any CPU
		{9FA2E797-CB5A-43CA-89B2-D94183850E2A}.Release|Any CPU.Build.0 = Release|Any CPU
		{A996867D-E34F-48F1-A992-CEC0E569C8D6}.Debug|Any CPU.ActiveCfg = Debug|Any CPU
		{A996867D-E34F-48F1-A992-CEC0E569C8D6}.Debug|Any CPU.Build.0 = Debug|Any CPU
		{A996867D-E34F-48F1-A992-CEC0E569C8D6}.Release|Any CPU.ActiveCfg = Release|Any CPU
		{A996867D-E34F-48F1-A992-CEC0E569C8D6}.Release|Any CPU.Build.0 = Release|Any CPU
		{AEB74FC3-1D12-41E3-890B-7446D917F5AE}.Debug|Any CPU.ActiveCfg = Debug|Any CPU
		{AEB74FC3-1D12-41E3-890B-7446D917F5AE}.Debug|Any CPU.Build.0 = Debug|Any CPU
		{AEB74FC3-1D12-41E3-890B-7446D917F5AE}.Release|Any CPU.ActiveCfg = Release|Any CPU
		{AEB74FC3-1D12-41E3-890B-7446D917F5AE}.Release|Any CPU.Build.0 = Release|Any CPU
		{A0CD3BD7-B622-46EE-A3A6-DD055189C7BC}.Debug|Any CPU.ActiveCfg = Debug|Any CPU
		{A0CD3BD7-B622-46EE-A3A6-DD055189C7BC}.Debug|Any CPU.Build.0 = Debug|Any CPU
		{A0CD3BD7-B622-46EE-A3A6-DD055189C7BC}.Release|Any CPU.ActiveCfg = Release|Any CPU
		{A0CD3BD7-B622-46EE-A3A6-DD055189C7BC}.Release|Any CPU.Build.0 = Release|Any CPU
		{62C10760-8C3D-4875-A20E-29D26B9777E3}.Debug|Any CPU.ActiveCfg = Debug|Any CPU
		{62C10760-8C3D-4875-A20E-29D26B9777E3}.Debug|Any CPU.Build.0 = Debug|Any CPU
		{62C10760-8C3D-4875-A20E-29D26B9777E3}.Release|Any CPU.ActiveCfg = Release|Any CPU
		{62C10760-8C3D-4875-A20E-29D26B9777E3}.Release|Any CPU.Build.0 = Release|Any CPU
		{2977BD2E-1C80-4FF8-98B5-E96187BCBFB1}.Debug|Any CPU.ActiveCfg = Debug|Any CPU
		{2977BD2E-1C80-4FF8-98B5-E96187BCBFB1}.Debug|Any CPU.Build.0 = Debug|Any CPU
		{2977BD2E-1C80-4FF8-98B5-E96187BCBFB1}.Release|Any CPU.ActiveCfg = Release|Any CPU
		{2977BD2E-1C80-4FF8-98B5-E96187BCBFB1}.Release|Any CPU.Build.0 = Release|Any CPU
		{E4E9B8E0-3CE9-4443-B4F7-BDFAAB4D245F}.Debug|Any CPU.ActiveCfg = Debug|Any CPU
		{E4E9B8E0-3CE9-4443-B4F7-BDFAAB4D245F}.Debug|Any CPU.Build.0 = Debug|Any CPU
		{E4E9B8E0-3CE9-4443-B4F7-BDFAAB4D245F}.Release|Any CPU.ActiveCfg = Release|Any CPU
		{E4E9B8E0-3CE9-4443-B4F7-BDFAAB4D245F}.Release|Any CPU.Build.0 = Release|Any CPU
		{8BED32F7-D6A5-4401-A9D5-21A4349BE6BC}.Debug|Any CPU.ActiveCfg = Debug|Any CPU
		{8BED32F7-D6A5-4401-A9D5-21A4349BE6BC}.Debug|Any CPU.Build.0 = Debug|Any CPU
		{8BED32F7-D6A5-4401-A9D5-21A4349BE6BC}.Release|Any CPU.ActiveCfg = Release|Any CPU
		{8BED32F7-D6A5-4401-A9D5-21A4349BE6BC}.Release|Any CPU.Build.0 = Release|Any CPU
		{5A8E64BE-AC4C-4F5F-9E88-0B14AC51AD9D}.Debug|Any CPU.ActiveCfg = Debug|Any CPU
		{5A8E64BE-AC4C-4F5F-9E88-0B14AC51AD9D}.Debug|Any CPU.Build.0 = Debug|Any CPU
		{5A8E64BE-AC4C-4F5F-9E88-0B14AC51AD9D}.Release|Any CPU.ActiveCfg = Release|Any CPU
		{5A8E64BE-AC4C-4F5F-9E88-0B14AC51AD9D}.Release|Any CPU.Build.0 = Release|Any CPU
		{B59FC396-DE37-4687-8C9B-9005FCB4D45F}.Debug|Any CPU.ActiveCfg = Debug|Any CPU
		{B59FC396-DE37-4687-8C9B-9005FCB4D45F}.Debug|Any CPU.Build.0 = Debug|Any CPU
		{B59FC396-DE37-4687-8C9B-9005FCB4D45F}.Release|Any CPU.ActiveCfg = Release|Any CPU
		{B59FC396-DE37-4687-8C9B-9005FCB4D45F}.Release|Any CPU.Build.0 = Release|Any CPU
	EndGlobalSection
	GlobalSection(SolutionProperties) = preSolution
		HideSolutionNode = FALSE
	EndGlobalSection
EndGlobal
